// !$*UTF8*$!
{
	archiveVersion = 1;
	classes = {
	};
	objectVersion = 51;
	objects = {

/* Begin PBXBuildFile section */
		BA07B7A2E919EDC146EE389C /* Pods_MyDiary.framework in Frameworks */ = {isa = PBXBuildFile; fileRef = 52E63ABD7B4A8571FD3B0EB3 /* Pods_MyDiary.framework */; };
		FC10D8AA2511F5B8000214D3 /* AppDelegate.swift in Sources */ = {isa = PBXBuildFile; fileRef = FC10D8A92511F5B8000214D3 /* AppDelegate.swift */; };
		FC10D8C52511F713000214D3 /* WebError.swift in Sources */ = {isa = PBXBuildFile; fileRef = FC10D8C12511F713000214D3 /* WebError.swift */; };
		FC10D8C62511F713000214D3 /* Environment.swift in Sources */ = {isa = PBXBuildFile; fileRef = FC10D8C22511F713000214D3 /* Environment.swift */; };
		FC10D8C72511F713000214D3 /* Webservice.swift in Sources */ = {isa = PBXBuildFile; fileRef = FC10D8C32511F713000214D3 /* Webservice.swift */; };
		FC10D8C82511F713000214D3 /* Router.swift in Sources */ = {isa = PBXBuildFile; fileRef = FC10D8C42511F713000214D3 /* Router.swift */; };
		FC10D8D22511F78F000214D3 /* Assets.xcassets in Resources */ = {isa = PBXBuildFile; fileRef = FC10D8CC2511F78F000214D3 /* Assets.xcassets */; };
		FC10D8D92511F7D3000214D3 /* Main.storyboard in Resources */ = {isa = PBXBuildFile; fileRef = FC10D8D52511F7D3000214D3 /* Main.storyboard */; };
		FC10D8DA2511F7D3000214D3 /* LaunchScreen.storyboard in Resources */ = {isa = PBXBuildFile; fileRef = FC10D8D62511F7D3000214D3 /* LaunchScreen.storyboard */; };
		FC10D8DD2511FDA1000214D3 /* Extension.swift in Sources */ = {isa = PBXBuildFile; fileRef = FC10D8DC2511FDA1000214D3 /* Extension.swift */; };
		FC10D8EB2511FDFD000214D3 /* SFUIText-Medium.ttf in Resources */ = {isa = PBXBuildFile; fileRef = FC10D8DF2511FDFD000214D3 /* SFUIText-Medium.ttf */; };
		FC10D8EC2511FDFD000214D3 /* SFUIText-Regular.ttf in Resources */ = {isa = PBXBuildFile; fileRef = FC10D8E02511FDFD000214D3 /* SFUIText-Regular.ttf */; };
		FC10D8ED2511FDFD000214D3 /* SFUIText-Heavy.ttf in Resources */ = {isa = PBXBuildFile; fileRef = FC10D8E12511FDFD000214D3 /* SFUIText-Heavy.ttf */; };
		FC10D8EE2511FDFD000214D3 /* SFUIText-Bold.ttf in Resources */ = {isa = PBXBuildFile; fileRef = FC10D8E22511FDFD000214D3 /* SFUIText-Bold.ttf */; };
		FC10D8EF2511FDFD000214D3 /* SFUIText-Light.ttf in Resources */ = {isa = PBXBuildFile; fileRef = FC10D8E32511FDFD000214D3 /* SFUIText-Light.ttf */; };
		FC10D8F02511FDFD000214D3 /* SFUIText-Semibold.ttf in Resources */ = {isa = PBXBuildFile; fileRef = FC10D8E42511FDFD000214D3 /* SFUIText-Semibold.ttf */; };
		FC10D8F12511FDFD000214D3 /* SFUIText-LightItalic.ttf in Resources */ = {isa = PBXBuildFile; fileRef = FC10D8E52511FDFD000214D3 /* SFUIText-LightItalic.ttf */; };
		FC10D8F22511FDFD000214D3 /* SFUIText-BoldItalic.ttf in Resources */ = {isa = PBXBuildFile; fileRef = FC10D8E62511FDFD000214D3 /* SFUIText-BoldItalic.ttf */; };
		FC10D8F32511FDFD000214D3 /* SFUIText-MediumItalic.ttf in Resources */ = {isa = PBXBuildFile; fileRef = FC10D8E72511FDFD000214D3 /* SFUIText-MediumItalic.ttf */; };
		FC10D8F42511FDFD000214D3 /* SFUIText-SemiboldItalic.ttf in Resources */ = {isa = PBXBuildFile; fileRef = FC10D8E82511FDFD000214D3 /* SFUIText-SemiboldItalic.ttf */; };
		FC10D8F52511FDFD000214D3 /* SFUIText-HeavyItalic.ttf in Resources */ = {isa = PBXBuildFile; fileRef = FC10D8E92511FDFD000214D3 /* SFUIText-HeavyItalic.ttf */; };
		FC10D8F62511FDFD000214D3 /* SFUIText-RegularItalic.ttf in Resources */ = {isa = PBXBuildFile; fileRef = FC10D8EA2511FDFD000214D3 /* SFUIText-RegularItalic.ttf */; };
		FC10D8FA25120022000214D3 /* MyDiary.xcdatamodeld in Sources */ = {isa = PBXBuildFile; fileRef = FC10D8F825120022000214D3 /* MyDiary.xcdatamodeld */; };
		FC6FE9E1251201B600258A54 /* DatabaseManager.swift in Sources */ = {isa = PBXBuildFile; fileRef = FC6FE9E0251201B600258A54 /* DatabaseManager.swift */; };
		FC6FE9E32512025200258A54 /* Constant.swift in Sources */ = {isa = PBXBuildFile; fileRef = FC6FE9E22512025200258A54 /* Constant.swift */; };
		FC6FE9E52512048C00258A54 /* MyDiaryData.swift in Sources */ = {isa = PBXBuildFile; fileRef = FC6FE9E42512048C00258A54 /* MyDiaryData.swift */; };
		FC6FE9E82512097E00258A54 /* BaseViewController.swift in Sources */ = {isa = PBXBuildFile; fileRef = FC6FE9E72512097E00258A54 /* BaseViewController.swift */; };
		FC6FE9EA251209A200258A54 /* BaseViewModel.swift in Sources */ = {isa = PBXBuildFile; fileRef = FC6FE9E9251209A200258A54 /* BaseViewModel.swift */; };
		FC6FE9EF25120B3000258A54 /* DiaryListTblVwCell.swift in Sources */ = {isa = PBXBuildFile; fileRef = FC6FE9ED25120B3000258A54 /* DiaryListTblVwCell.swift */; };
		FC6FE9F025120B3000258A54 /* DiaryListTblVwCell.xib in Resources */ = {isa = PBXBuildFile; fileRef = FC6FE9EE25120B3000258A54 /* DiaryListTblVwCell.xib */; };
		FC6FE9F725120D7100258A54 /* DiaryDetailView.xib in Resources */ = {isa = PBXBuildFile; fileRef = FC6FE9F625120D7100258A54 /* DiaryDetailView.xib */; };
		FC6FE9F925120D9F00258A54 /* DiaryDetailView.swift in Sources */ = {isa = PBXBuildFile; fileRef = FC6FE9F825120D9F00258A54 /* DiaryDetailView.swift */; };
		FC6FE9FB25120E1900258A54 /* DiaryWrappers.swift in Sources */ = {isa = PBXBuildFile; fileRef = FC6FE9FA25120E1900258A54 /* DiaryWrappers.swift */; };
		FC6FE9FE25121CD000258A54 /* DiaryDetailsViewController.swift in Sources */ = {isa = PBXBuildFile; fileRef = FC6FE9FD25121CD000258A54 /* DiaryDetailsViewController.swift */; };
		FC6FEA0025121D5C00258A54 /* DiaryDetailsViewModel.swift in Sources */ = {isa = PBXBuildFile; fileRef = FC6FE9FF25121D5C00258A54 /* DiaryDetailsViewModel.swift */; };
		FC6FEA022512231600258A54 /* MyDiaryDataModel.swift in Sources */ = {isa = PBXBuildFile; fileRef = FC6FEA012512231600258A54 /* MyDiaryDataModel.swift */; };
/* End PBXBuildFile section */

/* Begin PBXFileReference section */
		52E63ABD7B4A8571FD3B0EB3 /* Pods_MyDiary.framework */ = {isa = PBXFileReference; explicitFileType = wrapper.framework; includeInIndex = 0; path = Pods_MyDiary.framework; sourceTree = BUILT_PRODUCTS_DIR; };
		8E927867D1E367BBE346527C /* Pods-MyDiary.debug.xcconfig */ = {isa = PBXFileReference; includeInIndex = 1; lastKnownFileType = text.xcconfig; name = "Pods-MyDiary.debug.xcconfig"; path = "Target Support Files/Pods-MyDiary/Pods-MyDiary.debug.xcconfig"; sourceTree = "<group>"; };
		C583E222AE5E68B630CF6160 /* Pods-MyDiary.release.xcconfig */ = {isa = PBXFileReference; includeInIndex = 1; lastKnownFileType = text.xcconfig; name = "Pods-MyDiary.release.xcconfig"; path = "Target Support Files/Pods-MyDiary/Pods-MyDiary.release.xcconfig"; sourceTree = "<group>"; };
		FC10D8A62511F5B8000214D3 /* MyDiary.app */ = {isa = PBXFileReference; explicitFileType = wrapper.application; includeInIndex = 0; path = MyDiary.app; sourceTree = BUILT_PRODUCTS_DIR; };
		FC10D8A92511F5B8000214D3 /* AppDelegate.swift */ = {isa = PBXFileReference; lastKnownFileType = sourcecode.swift; path = AppDelegate.swift; sourceTree = "<group>"; };
		FC10D8B72511F5B9000214D3 /* Info.plist */ = {isa = PBXFileReference; lastKnownFileType = text.plist.xml; path = Info.plist; sourceTree = "<group>"; };
		FC10D8C12511F713000214D3 /* WebError.swift */ = {isa = PBXFileReference; fileEncoding = 4; lastKnownFileType = sourcecode.swift; path = WebError.swift; sourceTree = "<group>"; };
		FC10D8C22511F713000214D3 /* Environment.swift */ = {isa = PBXFileReference; fileEncoding = 4; lastKnownFileType = sourcecode.swift; path = Environment.swift; sourceTree = "<group>"; };
		FC10D8C32511F713000214D3 /* Webservice.swift */ = {isa = PBXFileReference; fileEncoding = 4; lastKnownFileType = sourcecode.swift; path = Webservice.swift; sourceTree = "<group>"; };
		FC10D8C42511F713000214D3 /* Router.swift */ = {isa = PBXFileReference; fileEncoding = 4; lastKnownFileType = sourcecode.swift; path = Router.swift; sourceTree = "<group>"; };
		FC10D8CC2511F78F000214D3 /* Assets.xcassets */ = {isa = PBXFileReference; lastKnownFileType = folder.assetcatalog; path = Assets.xcassets; sourceTree = "<group>"; };
		FC10D8D52511F7D3000214D3 /* Main.storyboard */ = {isa = PBXFileReference; fileEncoding = 4; lastKnownFileType = file.storyboard; path = Main.storyboard; sourceTree = "<group>"; };
		FC10D8D62511F7D3000214D3 /* LaunchScreen.storyboard */ = {isa = PBXFileReference; fileEncoding = 4; lastKnownFileType = file.storyboard; path = LaunchScreen.storyboard; sourceTree = "<group>"; };
		FC10D8DC2511FDA1000214D3 /* Extension.swift */ = {isa = PBXFileReference; lastKnownFileType = sourcecode.swift; path = Extension.swift; sourceTree = "<group>"; };
		FC10D8DF2511FDFD000214D3 /* SFUIText-Medium.ttf */ = {isa = PBXFileReference; lastKnownFileType = file; path = "SFUIText-Medium.ttf"; sourceTree = "<group>"; };
		FC10D8E02511FDFD000214D3 /* SFUIText-Regular.ttf */ = {isa = PBXFileReference; lastKnownFileType = file; path = "SFUIText-Regular.ttf"; sourceTree = "<group>"; };
		FC10D8E12511FDFD000214D3 /* SFUIText-Heavy.ttf */ = {isa = PBXFileReference; lastKnownFileType = file; path = "SFUIText-Heavy.ttf"; sourceTree = "<group>"; };
		FC10D8E22511FDFD000214D3 /* SFUIText-Bold.ttf */ = {isa = PBXFileReference; lastKnownFileType = file; path = "SFUIText-Bold.ttf"; sourceTree = "<group>"; };
		FC10D8E32511FDFD000214D3 /* SFUIText-Light.ttf */ = {isa = PBXFileReference; lastKnownFileType = file; path = "SFUIText-Light.ttf"; sourceTree = "<group>"; };
		FC10D8E42511FDFD000214D3 /* SFUIText-Semibold.ttf */ = {isa = PBXFileReference; lastKnownFileType = file; path = "SFUIText-Semibold.ttf"; sourceTree = "<group>"; };
		FC10D8E52511FDFD000214D3 /* SFUIText-LightItalic.ttf */ = {isa = PBXFileReference; lastKnownFileType = file; path = "SFUIText-LightItalic.ttf"; sourceTree = "<group>"; };
		FC10D8E62511FDFD000214D3 /* SFUIText-BoldItalic.ttf */ = {isa = PBXFileReference; lastKnownFileType = file; path = "SFUIText-BoldItalic.ttf"; sourceTree = "<group>"; };
		FC10D8E72511FDFD000214D3 /* SFUIText-MediumItalic.ttf */ = {isa = PBXFileReference; lastKnownFileType = file; path = "SFUIText-MediumItalic.ttf"; sourceTree = "<group>"; };
		FC10D8E82511FDFD000214D3 /* SFUIText-SemiboldItalic.ttf */ = {isa = PBXFileReference; lastKnownFileType = file; path = "SFUIText-SemiboldItalic.ttf"; sourceTree = "<group>"; };
		FC10D8E92511FDFD000214D3 /* SFUIText-HeavyItalic.ttf */ = {isa = PBXFileReference; lastKnownFileType = file; path = "SFUIText-HeavyItalic.ttf"; sourceTree = "<group>"; };
		FC10D8EA2511FDFD000214D3 /* SFUIText-RegularItalic.ttf */ = {isa = PBXFileReference; lastKnownFileType = file; path = "SFUIText-RegularItalic.ttf"; sourceTree = "<group>"; };
		FC10D8F925120022000214D3 /* MyDiary.xcdatamodel */ = {isa = PBXFileReference; lastKnownFileType = wrapper.xcdatamodel; path = MyDiary.xcdatamodel; sourceTree = "<group>"; };
		FC6FE9E0251201B600258A54 /* DatabaseManager.swift */ = {isa = PBXFileReference; lastKnownFileType = sourcecode.swift; path = DatabaseManager.swift; sourceTree = "<group>"; };
		FC6FE9E22512025200258A54 /* Constant.swift */ = {isa = PBXFileReference; lastKnownFileType = sourcecode.swift; path = Constant.swift; sourceTree = "<group>"; };
		FC6FE9E42512048C00258A54 /* MyDiaryData.swift */ = {isa = PBXFileReference; lastKnownFileType = sourcecode.swift; path = MyDiaryData.swift; sourceTree = "<group>"; };
		FC6FE9E72512097E00258A54 /* BaseViewController.swift */ = {isa = PBXFileReference; lastKnownFileType = sourcecode.swift; path = BaseViewController.swift; sourceTree = "<group>"; };
		FC6FE9E9251209A200258A54 /* BaseViewModel.swift */ = {isa = PBXFileReference; lastKnownFileType = sourcecode.swift; path = BaseViewModel.swift; sourceTree = "<group>"; };
		FC6FE9ED25120B3000258A54 /* DiaryListTblVwCell.swift */ = {isa = PBXFileReference; lastKnownFileType = sourcecode.swift; path = DiaryListTblVwCell.swift; sourceTree = "<group>"; };
		FC6FE9EE25120B3000258A54 /* DiaryListTblVwCell.xib */ = {isa = PBXFileReference; lastKnownFileType = file.xib; path = DiaryListTblVwCell.xib; sourceTree = "<group>"; };
		FC6FE9F625120D7100258A54 /* DiaryDetailView.xib */ = {isa = PBXFileReference; lastKnownFileType = file.xib; path = DiaryDetailView.xib; sourceTree = "<group>"; };
		FC6FE9F825120D9F00258A54 /* DiaryDetailView.swift */ = {isa = PBXFileReference; lastKnownFileType = sourcecode.swift; path = DiaryDetailView.swift; sourceTree = "<group>"; };
		FC6FE9FA25120E1900258A54 /* DiaryWrappers.swift */ = {isa = PBXFileReference; lastKnownFileType = sourcecode.swift; path = DiaryWrappers.swift; sourceTree = "<group>"; };
		FC6FE9FD25121CD000258A54 /* DiaryDetailsViewController.swift */ = {isa = PBXFileReference; lastKnownFileType = sourcecode.swift; path = DiaryDetailsViewController.swift; sourceTree = "<group>"; };
		FC6FE9FF25121D5C00258A54 /* DiaryDetailsViewModel.swift */ = {isa = PBXFileReference; lastKnownFileType = sourcecode.swift; path = DiaryDetailsViewModel.swift; sourceTree = "<group>"; };
		FC6FEA012512231600258A54 /* MyDiaryDataModel.swift */ = {isa = PBXFileReference; lastKnownFileType = sourcecode.swift; path = MyDiaryDataModel.swift; sourceTree = "<group>"; };
/* End PBXFileReference section */

/* Begin PBXFrameworksBuildPhase section */
		FC10D8A32511F5B8000214D3 /* Frameworks */ = {
			isa = PBXFrameworksBuildPhase;
			buildActionMask = 2147483647;
			files = (
				BA07B7A2E919EDC146EE389C /* Pods_MyDiary.framework in Frameworks */,
			);
			runOnlyForDeploymentPostprocessing = 0;
		};
/* End PBXFrameworksBuildPhase section */

/* Begin PBXGroup section */
		2E3300B9525116EF3E2FFBFB /* Pods */ = {
			isa = PBXGroup;
			children = (
				8E927867D1E367BBE346527C /* Pods-MyDiary.debug.xcconfig */,
				C583E222AE5E68B630CF6160 /* Pods-MyDiary.release.xcconfig */,
			);
			path = Pods;
			sourceTree = "<group>";
		};
		994FC60FEF883B71063FF620 /* Frameworks */ = {
			isa = PBXGroup;
			children = (
				52E63ABD7B4A8571FD3B0EB3 /* Pods_MyDiary.framework */,
			);
			name = Frameworks;
			sourceTree = "<group>";
		};
		FC10D89D2511F5B8000214D3 = {
			isa = PBXGroup;
			children = (
				FC10D8A82511F5B8000214D3 /* MyDiary */,
				FC10D8A72511F5B8000214D3 /* Products */,
				2E3300B9525116EF3E2FFBFB /* Pods */,
				994FC60FEF883B71063FF620 /* Frameworks */,
			);
			sourceTree = "<group>";
		};
		FC10D8A72511F5B8000214D3 /* Products */ = {
			isa = PBXGroup;
			children = (
				FC10D8A62511F5B8000214D3 /* MyDiary.app */,
			);
			name = Products;
			sourceTree = "<group>";
		};
		FC10D8A82511F5B8000214D3 /* MyDiary */ = {
			isa = PBXGroup;
			children = (
				FC10D8BD2511F600000214D3 /* AppDelegate */,
				FC10D8BE2511F662000214D3 /* Assets */,
				FC10D8DB2511FD8D000214D3 /* Utility */,
				FC10D8BF2511F6CA000214D3 /* Models */,
				FC10D8C02511F713000214D3 /* NetworkLayer */,
				FC6FE9EB25120ADE00258A54 /* Views */,
				FC10D8C92511F730000214D3 /* Scenes */,
				FC10D8F72511FFCB000214D3 /* Core Data */,
				FC10D8CA2511F765000214D3 /* Resources */,
			);
			path = MyDiary;
			sourceTree = "<group>";
		};
		FC10D8BD2511F600000214D3 /* AppDelegate */ = {
			isa = PBXGroup;
			children = (
				FC10D8A92511F5B8000214D3 /* AppDelegate.swift */,
				FC10D8B72511F5B9000214D3 /* Info.plist */,
			);
			path = AppDelegate;
			sourceTree = "<group>";
		};
		FC10D8BE2511F662000214D3 /* Assets */ = {
			isa = PBXGroup;
			children = (
			);
			path = Assets;
			sourceTree = "<group>";
		};
		FC10D8BF2511F6CA000214D3 /* Models */ = {
			isa = PBXGroup;
			children = (
				FC6FE9E42512048C00258A54 /* MyDiaryData.swift */,
				FC6FE9FA25120E1900258A54 /* DiaryWrappers.swift */,
				FC6FEA012512231600258A54 /* MyDiaryDataModel.swift */,
			);
			path = Models;
			sourceTree = "<group>";
		};
		FC10D8C02511F713000214D3 /* NetworkLayer */ = {
			isa = PBXGroup;
			children = (
				FC10D8C12511F713000214D3 /* WebError.swift */,
				FC10D8C22511F713000214D3 /* Environment.swift */,
				FC10D8C32511F713000214D3 /* Webservice.swift */,
				FC10D8C42511F713000214D3 /* Router.swift */,
			);
			path = NetworkLayer;
			sourceTree = "<group>";
		};
		FC10D8C92511F730000214D3 /* Scenes */ = {
			isa = PBXGroup;
			children = (
				FC6FE9E62512096400258A54 /* Base */,
				FC6FE9FC25121C4C00258A54 /* DiaryDetails */,
			);
			path = Scenes;
			sourceTree = "<group>";
		};
		FC10D8CA2511F765000214D3 /* Resources */ = {
			isa = PBXGroup;
			children = (
				FC10D8D62511F7D3000214D3 /* LaunchScreen.storyboard */,
				FC10D8D52511F7D3000214D3 /* Main.storyboard */,
				FC10D8CC2511F78F000214D3 /* Assets.xcassets */,
				FC10D8DE2511FDFD000214D3 /* Fonts */,
			);
			path = Resources;
			sourceTree = "<group>";
		};
		FC10D8DB2511FD8D000214D3 /* Utility */ = {
			isa = PBXGroup;
			children = (
				FC10D8DC2511FDA1000214D3 /* Extension.swift */,
				FC6FE9E22512025200258A54 /* Constant.swift */,
			);
			path = Utility;
			sourceTree = "<group>";
		};
		FC10D8DE2511FDFD000214D3 /* Fonts */ = {
			isa = PBXGroup;
			children = (
				FC10D8DF2511FDFD000214D3 /* SFUIText-Medium.ttf */,
				FC10D8E02511FDFD000214D3 /* SFUIText-Regular.ttf */,
				FC10D8E12511FDFD000214D3 /* SFUIText-Heavy.ttf */,
				FC10D8E22511FDFD000214D3 /* SFUIText-Bold.ttf */,
				FC10D8E32511FDFD000214D3 /* SFUIText-Light.ttf */,
				FC10D8E42511FDFD000214D3 /* SFUIText-Semibold.ttf */,
				FC10D8E52511FDFD000214D3 /* SFUIText-LightItalic.ttf */,
				FC10D8E62511FDFD000214D3 /* SFUIText-BoldItalic.ttf */,
				FC10D8E72511FDFD000214D3 /* SFUIText-MediumItalic.ttf */,
				FC10D8E82511FDFD000214D3 /* SFUIText-SemiboldItalic.ttf */,
				FC10D8E92511FDFD000214D3 /* SFUIText-HeavyItalic.ttf */,
				FC10D8EA2511FDFD000214D3 /* SFUIText-RegularItalic.ttf */,
			);
			path = Fonts;
			sourceTree = "<group>";
		};
		FC10D8F72511FFCB000214D3 /* Core Data */ = {
			isa = PBXGroup;
			children = (
				FC10D8F825120022000214D3 /* MyDiary.xcdatamodeld */,
				FC6FE9E0251201B600258A54 /* DatabaseManager.swift */,
			);
			path = "Core Data";
			sourceTree = "<group>";
		};
		FC6FE9E62512096400258A54 /* Base */ = {
			isa = PBXGroup;
			children = (
				FC6FE9E72512097E00258A54 /* BaseViewController.swift */,
				FC6FE9E9251209A200258A54 /* BaseViewModel.swift */,
			);
			path = Base;
			sourceTree = "<group>";
		};
		FC6FE9EB25120ADE00258A54 /* Views */ = {
			isa = PBXGroup;
			children = (
				FC6FE9F525120D4300258A54 /* Custom View */,
				FC6FE9EC25120ADE00258A54 /* TableView Cell */,
			);
			path = Views;
			sourceTree = "<group>";
		};
		FC6FE9EC25120ADE00258A54 /* TableView Cell */ = {
			isa = PBXGroup;
			children = (
				FC6FE9ED25120B3000258A54 /* DiaryListTblVwCell.swift */,
				FC6FE9EE25120B3000258A54 /* DiaryListTblVwCell.xib */,
			);
			path = "TableView Cell";
			sourceTree = "<group>";
		};
		FC6FE9F525120D4300258A54 /* Custom View */ = {
			isa = PBXGroup;
			children = (
				FC6FE9F625120D7100258A54 /* DiaryDetailView.xib */,
				FC6FE9F825120D9F00258A54 /* DiaryDetailView.swift */,
			);
			path = "Custom View";
			sourceTree = "<group>";
		};
		FC6FE9FC25121C4C00258A54 /* DiaryDetails */ = {
			isa = PBXGroup;
			children = (
				FC6FE9FD25121CD000258A54 /* DiaryDetailsViewController.swift */,
				FC6FE9FF25121D5C00258A54 /* DiaryDetailsViewModel.swift */,
			);
			path = DiaryDetails;
			sourceTree = "<group>";
		};
/* End PBXGroup section */

/* Begin PBXNativeTarget section */
		FC10D8A52511F5B8000214D3 /* MyDiary */ = {
			isa = PBXNativeTarget;
			buildConfigurationList = FC10D8BA2511F5B9000214D3 /* Build configuration list for PBXNativeTarget "MyDiary" */;
			buildPhases = (
				3C494ED280EE3625361033E9 /* [CP] Check Pods Manifest.lock */,
				FC10D8A22511F5B8000214D3 /* Sources */,
				FC10D8A32511F5B8000214D3 /* Frameworks */,
				FC10D8A42511F5B8000214D3 /* Resources */,
				61A951E311294C5475B746C9 /* [CP] Embed Pods Frameworks */,
			);
			buildRules = (
			);
			dependencies = (
			);
			name = MyDiary;
			productName = MyDiary;
			productReference = FC10D8A62511F5B8000214D3 /* MyDiary.app */;
			productType = "com.apple.product-type.application";
		};
/* End PBXNativeTarget section */

/* Begin PBXProject section */
		FC10D89E2511F5B8000214D3 /* Project object */ = {
			isa = PBXProject;
			attributes = {
				LastSwiftUpdateCheck = 1160;
				LastUpgradeCheck = 1160;
				ORGANIZATIONNAME = PCQ224;
				TargetAttributes = {
					FC10D8A52511F5B8000214D3 = {
						CreatedOnToolsVersion = 11.6;
					};
				};
			};
			buildConfigurationList = FC10D8A12511F5B8000214D3 /* Build configuration list for PBXProject "MyDiary" */;
			compatibilityVersion = "Xcode 9.3";
			developmentRegion = en;
			hasScannedForEncodings = 0;
			knownRegions = (
				en,
				Base,
			);
			mainGroup = FC10D89D2511F5B8000214D3;
			productRefGroup = FC10D8A72511F5B8000214D3 /* Products */;
			projectDirPath = "";
			projectRoot = "";
			targets = (
				FC10D8A52511F5B8000214D3 /* MyDiary */,
			);
		};
/* End PBXProject section */

/* Begin PBXResourcesBuildPhase section */
		FC10D8A42511F5B8000214D3 /* Resources */ = {
			isa = PBXResourcesBuildPhase;
			buildActionMask = 2147483647;
			files = (
				FC10D8F42511FDFD000214D3 /* SFUIText-SemiboldItalic.ttf in Resources */,
				FC10D8EE2511FDFD000214D3 /* SFUIText-Bold.ttf in Resources */,
				FC10D8F02511FDFD000214D3 /* SFUIText-Semibold.ttf in Resources */,
				FC10D8D22511F78F000214D3 /* Assets.xcassets in Resources */,
				FC10D8EC2511FDFD000214D3 /* SFUIText-Regular.ttf in Resources */,
				FC10D8F22511FDFD000214D3 /* SFUIText-BoldItalic.ttf in Resources */,
				FC10D8ED2511FDFD000214D3 /* SFUIText-Heavy.ttf in Resources */,
				FC10D8EB2511FDFD000214D3 /* SFUIText-Medium.ttf in Resources */,
				FC10D8DA2511F7D3000214D3 /* LaunchScreen.storyboard in Resources */,
				FC10D8F12511FDFD000214D3 /* SFUIText-LightItalic.ttf in Resources */,
				FC10D8F62511FDFD000214D3 /* SFUIText-RegularItalic.ttf in Resources */,
				FC6FE9F025120B3000258A54 /* DiaryListTblVwCell.xib in Resources */,
				FC10D8F32511FDFD000214D3 /* SFUIText-MediumItalic.ttf in Resources */,
				FC10D8D92511F7D3000214D3 /* Main.storyboard in Resources */,
				FC6FE9F725120D7100258A54 /* DiaryDetailView.xib in Resources */,
				FC10D8F52511FDFD000214D3 /* SFUIText-HeavyItalic.ttf in Resources */,
				FC10D8EF2511FDFD000214D3 /* SFUIText-Light.ttf in Resources */,
			);
			runOnlyForDeploymentPostprocessing = 0;
		};
/* End PBXResourcesBuildPhase section */

/* Begin PBXShellScriptBuildPhase section */
		3C494ED280EE3625361033E9 /* [CP] Check Pods Manifest.lock */ = {
			isa = PBXShellScriptBuildPhase;
			buildActionMask = 2147483647;
			files = (
			);
			inputFileListPaths = (
			);
			inputPaths = (
				"${PODS_PODFILE_DIR_PATH}/Podfile.lock",
				"${PODS_ROOT}/Manifest.lock",
			);
			name = "[CP] Check Pods Manifest.lock";
			outputFileListPaths = (
			);
			outputPaths = (
				"$(DERIVED_FILE_DIR)/Pods-MyDiary-checkManifestLockResult.txt",
			);
			runOnlyForDeploymentPostprocessing = 0;
			shellPath = /bin/sh;
			shellScript = "diff \"${PODS_PODFILE_DIR_PATH}/Podfile.lock\" \"${PODS_ROOT}/Manifest.lock\" > /dev/null\nif [ $? != 0 ] ; then\n    # print error to STDERR\n    echo \"error: The sandbox is not in sync with the Podfile.lock. Run 'pod install' or update your CocoaPods installation.\" >&2\n    exit 1\nfi\n# This output is used by Xcode 'outputs' to avoid re-running this script phase.\necho \"SUCCESS\" > \"${SCRIPT_OUTPUT_FILE_0}\"\n";
			showEnvVarsInLog = 0;
		};
		61A951E311294C5475B746C9 /* [CP] Embed Pods Frameworks */ = {
			isa = PBXShellScriptBuildPhase;
			buildActionMask = 2147483647;
			files = (
			);
			inputFileListPaths = (
				"${PODS_ROOT}/Target Support Files/Pods-MyDiary/Pods-MyDiary-frameworks-${CONFIGURATION}-input-files.xcfilelist",
			);
			name = "[CP] Embed Pods Frameworks";
			outputFileListPaths = (
				"${PODS_ROOT}/Target Support Files/Pods-MyDiary/Pods-MyDiary-frameworks-${CONFIGURATION}-output-files.xcfilelist",
			);
			runOnlyForDeploymentPostprocessing = 0;
			shellPath = /bin/sh;
			shellScript = "\"${PODS_ROOT}/Target Support Files/Pods-MyDiary/Pods-MyDiary-frameworks.sh\"\n";
			showEnvVarsInLog = 0;
		};
/* End PBXShellScriptBuildPhase section */

/* Begin PBXSourcesBuildPhase section */
		FC10D8A22511F5B8000214D3 /* Sources */ = {
			isa = PBXSourcesBuildPhase;
			buildActionMask = 2147483647;
			files = (
				FC10D8C52511F713000214D3 /* WebError.swift in Sources */,
				FC10D8C62511F713000214D3 /* Environment.swift in Sources */,
				FC6FEA022512231600258A54 /* MyDiaryDataModel.swift in Sources */,
				FC10D8DD2511FDA1000214D3 /* Extension.swift in Sources */,
				FC10D8FA25120022000214D3 /* MyDiary.xcdatamodeld in Sources */,
				FC10D8AA2511F5B8000214D3 /* AppDelegate.swift in Sources */,
				FC6FE9FE25121CD000258A54 /* DiaryDetailsViewController.swift in Sources */,
				FC6FE9E82512097E00258A54 /* BaseViewController.swift in Sources */,
				FC6FEA0025121D5C00258A54 /* DiaryDetailsViewModel.swift in Sources */,
				FC6FE9F925120D9F00258A54 /* DiaryDetailView.swift in Sources */,
				FC10D8C72511F713000214D3 /* Webservice.swift in Sources */,
				FC6FE9EA251209A200258A54 /* BaseViewModel.swift in Sources */,
				FC10D8C82511F713000214D3 /* Router.swift in Sources */,
				FC6FE9E32512025200258A54 /* Constant.swift in Sources */,
				FC6FE9FB25120E1900258A54 /* DiaryWrappers.swift in Sources */,
				FC6FE9EF25120B3000258A54 /* DiaryListTblVwCell.swift in Sources */,
				FC6FE9E52512048C00258A54 /* MyDiaryData.swift in Sources */,
				FC6FE9E1251201B600258A54 /* DatabaseManager.swift in Sources */,
			);
			runOnlyForDeploymentPostprocessing = 0;
		};
/* End PBXSourcesBuildPhase section */

/* Begin XCBuildConfiguration section */
		FC10D8B82511F5B9000214D3 /* Debug */ = {
			isa = XCBuildConfiguration;
			buildSettings = {
				ALWAYS_SEARCH_USER_PATHS = NO;
				CLANG_ANALYZER_NONNULL = YES;
				CLANG_ANALYZER_NUMBER_OBJECT_CONVERSION = YES_AGGRESSIVE;
				CLANG_CXX_LANGUAGE_STANDARD = "gnu++14";
				CLANG_CXX_LIBRARY = "libc++";
				CLANG_ENABLE_MODULES = YES;
				CLANG_ENABLE_OBJC_ARC = YES;
				CLANG_ENABLE_OBJC_WEAK = YES;
				CLANG_WARN_BLOCK_CAPTURE_AUTORELEASING = YES;
				CLANG_WARN_BOOL_CONVERSION = YES;
				CLANG_WARN_COMMA = YES;
				CLANG_WARN_CONSTANT_CONVERSION = YES;
				CLANG_WARN_DEPRECATED_OBJC_IMPLEMENTATIONS = YES;
				CLANG_WARN_DIRECT_OBJC_ISA_USAGE = YES_ERROR;
				CLANG_WARN_DOCUMENTATION_COMMENTS = YES;
				CLANG_WARN_EMPTY_BODY = YES;
				CLANG_WARN_ENUM_CONVERSION = YES;
				CLANG_WARN_INFINITE_RECURSION = YES;
				CLANG_WARN_INT_CONVERSION = YES;
				CLANG_WARN_NON_LITERAL_NULL_CONVERSION = YES;
				CLANG_WARN_OBJC_IMPLICIT_RETAIN_SELF = YES;
				CLANG_WARN_OBJC_LITERAL_CONVERSION = YES;
				CLANG_WARN_OBJC_ROOT_CLASS = YES_ERROR;
				CLANG_WARN_RANGE_LOOP_ANALYSIS = YES;
				CLANG_WARN_STRICT_PROTOTYPES = YES;
				CLANG_WARN_SUSPICIOUS_MOVE = YES;
				CLANG_WARN_UNGUARDED_AVAILABILITY = YES_AGGRESSIVE;
				CLANG_WARN_UNREACHABLE_CODE = YES;
				CLANG_WARN__DUPLICATE_METHOD_MATCH = YES;
				COPY_PHASE_STRIP = NO;
				DEBUG_INFORMATION_FORMAT = dwarf;
				ENABLE_STRICT_OBJC_MSGSEND = YES;
				ENABLE_TESTABILITY = YES;
				GCC_C_LANGUAGE_STANDARD = gnu11;
				GCC_DYNAMIC_NO_PIC = NO;
				GCC_NO_COMMON_BLOCKS = YES;
				GCC_OPTIMIZATION_LEVEL = 0;
				GCC_PREPROCESSOR_DEFINITIONS = (
					"DEBUG=1",
					"$(inherited)",
				);
				GCC_WARN_64_TO_32_BIT_CONVERSION = YES;
				GCC_WARN_ABOUT_RETURN_TYPE = YES_ERROR;
				GCC_WARN_UNDECLARED_SELECTOR = YES;
				GCC_WARN_UNINITIALIZED_AUTOS = YES_AGGRESSIVE;
				GCC_WARN_UNUSED_FUNCTION = YES;
				GCC_WARN_UNUSED_VARIABLE = YES;
				IPHONEOS_DEPLOYMENT_TARGET = 13.6;
				MTL_ENABLE_DEBUG_INFO = INCLUDE_SOURCE;
				MTL_FAST_MATH = YES;
				ONLY_ACTIVE_ARCH = YES;
				SDKROOT = iphoneos;
				SWIFT_ACTIVE_COMPILATION_CONDITIONS = DEBUG;
				SWIFT_OPTIMIZATION_LEVEL = "-Onone";
			};
			name = Debug;
		};
		FC10D8B92511F5B9000214D3 /* Release */ = {
			isa = XCBuildConfiguration;
			buildSettings = {
				ALWAYS_SEARCH_USER_PATHS = NO;
				CLANG_ANALYZER_NONNULL = YES;
				CLANG_ANALYZER_NUMBER_OBJECT_CONVERSION = YES_AGGRESSIVE;
				CLANG_CXX_LANGUAGE_STANDARD = "gnu++14";
				CLANG_CXX_LIBRARY = "libc++";
				CLANG_ENABLE_MODULES = YES;
				CLANG_ENABLE_OBJC_ARC = YES;
				CLANG_ENABLE_OBJC_WEAK = YES;
				CLANG_WARN_BLOCK_CAPTURE_AUTORELEASING = YES;
				CLANG_WARN_BOOL_CONVERSION = YES;
				CLANG_WARN_COMMA = YES;
				CLANG_WARN_CONSTANT_CONVERSION = YES;
				CLANG_WARN_DEPRECATED_OBJC_IMPLEMENTATIONS = YES;
				CLANG_WARN_DIRECT_OBJC_ISA_USAGE = YES_ERROR;
				CLANG_WARN_DOCUMENTATION_COMMENTS = YES;
				CLANG_WARN_EMPTY_BODY = YES;
				CLANG_WARN_ENUM_CONVERSION = YES;
				CLANG_WARN_INFINITE_RECURSION = YES;
				CLANG_WARN_INT_CONVERSION = YES;
				CLANG_WARN_NON_LITERAL_NULL_CONVERSION = YES;
				CLANG_WARN_OBJC_IMPLICIT_RETAIN_SELF = YES;
				CLANG_WARN_OBJC_LITERAL_CONVERSION = YES;
				CLANG_WARN_OBJC_ROOT_CLASS = YES_ERROR;
				CLANG_WARN_RANGE_LOOP_ANALYSIS = YES;
				CLANG_WARN_STRICT_PROTOTYPES = YES;
				CLANG_WARN_SUSPICIOUS_MOVE = YES;
				CLANG_WARN_UNGUARDED_AVAILABILITY = YES_AGGRESSIVE;
				CLANG_WARN_UNREACHABLE_CODE = YES;
				CLANG_WARN__DUPLICATE_METHOD_MATCH = YES;
				COPY_PHASE_STRIP = NO;
				DEBUG_INFORMATION_FORMAT = "dwarf-with-dsym";
				ENABLE_NS_ASSERTIONS = NO;
				ENABLE_STRICT_OBJC_MSGSEND = YES;
				GCC_C_LANGUAGE_STANDARD = gnu11;
				GCC_NO_COMMON_BLOCKS = YES;
				GCC_WARN_64_TO_32_BIT_CONVERSION = YES;
				GCC_WARN_ABOUT_RETURN_TYPE = YES_ERROR;
				GCC_WARN_UNDECLARED_SELECTOR = YES;
				GCC_WARN_UNINITIALIZED_AUTOS = YES_AGGRESSIVE;
				GCC_WARN_UNUSED_FUNCTION = YES;
				GCC_WARN_UNUSED_VARIABLE = YES;
				IPHONEOS_DEPLOYMENT_TARGET = 13.6;
				MTL_ENABLE_DEBUG_INFO = NO;
				MTL_FAST_MATH = YES;
				SDKROOT = iphoneos;
				SWIFT_COMPILATION_MODE = wholemodule;
				SWIFT_OPTIMIZATION_LEVEL = "-O";
				VALIDATE_PRODUCT = YES;
			};
			name = Release;
		};
		FC10D8BB2511F5B9000214D3 /* Debug */ = {
			isa = XCBuildConfiguration;
			baseConfigurationReference = 8E927867D1E367BBE346527C /* Pods-MyDiary.debug.xcconfig */;
			buildSettings = {
				ASSETCATALOG_COMPILER_APPICON_NAME = AppIcon;
				CODE_SIGN_STYLE = Automatic;
				INFOPLIST_FILE = MyDiary/AppDelegate/Info.plist;
				IPHONEOS_DEPLOYMENT_TARGET = 12.0;
				LD_RUNPATH_SEARCH_PATHS = (
					"$(inherited)",
					"@executable_path/Frameworks",
				);
				PRODUCT_BUNDLE_IDENTIFIER = tatva.MyDiary;
				PRODUCT_NAME = "$(TARGET_NAME)";
				SWIFT_VERSION = 5.0;
				TARGETED_DEVICE_FAMILY = 1;
			};
			name = Debug;
		};
		FC10D8BC2511F5B9000214D3 /* Release */ = {
			isa = XCBuildConfiguration;
			baseConfigurationReference = C583E222AE5E68B630CF6160 /* Pods-MyDiary.release.xcconfig */;
			buildSettings = {
				ASSETCATALOG_COMPILER_APPICON_NAME = AppIcon;
				CODE_SIGN_STYLE = Automatic;
				INFOPLIST_FILE = MyDiary/AppDelegate/Info.plist;
				IPHONEOS_DEPLOYMENT_TARGET = 12.0;
				LD_RUNPATH_SEARCH_PATHS = (
					"$(inherited)",
					"@executable_path/Frameworks",
				);
				PRODUCT_BUNDLE_IDENTIFIER = tatva.MyDiary;
				PRODUCT_NAME = "$(TARGET_NAME)";
				SWIFT_VERSION = 5.0;
				TARGETED_DEVICE_FAMILY = 1;
			};
			name = Release;
		};
/* End XCBuildConfiguration section */

/* Begin XCConfigurationList section */
		FC10D8A12511F5B8000214D3 /* Build configuration list for PBXProject "MyDiary" */ = {
			isa = XCConfigurationList;
			buildConfigurations = (
				FC10D8B82511F5B9000214D3 /* Debug */,
				FC10D8B92511F5B9000214D3 /* Release */,
			);
			defaultConfigurationIsVisible = 0;
			defaultConfigurationName = Release;
		};
		FC10D8BA2511F5B9000214D3 /* Build configuration list for PBXNativeTarget "MyDiary" */ = {
			isa = XCConfigurationList;
			buildConfigurations = (
				FC10D8BB2511F5B9000214D3 /* Debug */,
				FC10D8BC2511F5B9000214D3 /* Release */,
			);
			defaultConfigurationIsVisible = 0;
			defaultConfigurationName = Release;
		};
/* End XCConfigurationList section */

/* Begin XCVersionGroup section */
		FC10D8F825120022000214D3 /* MyDiary.xcdatamodeld */ = {
			isa = XCVersionGroup;
			children = (
				FC10D8F925120022000214D3 /* MyDiary.xcdatamodel */,
			);
			currentVersion = FC10D8F925120022000214D3 /* MyDiary.xcdatamodel */;
			path = MyDiary.xcdatamodeld;
			sourceTree = "<group>";
			versionGroupType = wrapper.xcdatamodel;
		};
/* End XCVersionGroup section */
	};
	rootObject = FC10D89E2511F5B8000214D3 /* Project object */;
}
